
Microsoft Visual Studio Solution File, Format Version 12.00
# Visual Studio Version 17
VisualStudioVersion = 17.7.34031.279
MinimumVisualStudioVersion = 10.0.40219.1
Project("{9A19103F-16F7-4668-BE54-9A1E7A4F7556}") = "FiguresInterface", "FiguresInterface\FiguresInterface.csproj", "{A5149C66-D968-4077-951C-DCD5C402B14E}"
EndProject
Project("{9A19103F-16F7-4668-BE54-9A1E7A4F7556}") = "AnimalFarm", "AnimalFarm\AnimalFarm.csproj", "{04399D64-0856-44CB-A564-B681BF939762}"
EndProject
Project("{9A19103F-16F7-4668-BE54-9A1E7A4F7556}") = "PersonStudentId", "PersonStudentId\PersonStudentId.csproj", "{9B3BC67D-7D97-405B-87CA-4EFF116933CC}"
EndProject
Project("{9A19103F-16F7-4668-BE54-9A1E7A4F7556}") = "StudentWorkerManagment", "StudentWorkerManagment\StudentWorkerManagment.csproj", "{84C34AB7-4813-450F-A08D-D0A4B738FE03}"
EndProject
Project("{9A19103F-16F7-4668-BE54-9A1E7A4F7556}") = "CarsInterface", "CarsInterface\CarsInterface.csproj", "{EDBEFB1F-7298-4CBC-A50B-CD2DD3A2353C}"
EndProject
Project("{9A19103F-16F7-4668-BE54-9A1E7A4F7556}") = "AnimalKingdom", "AnimalKingdom\AnimalKingdom.csproj", "{84A2CFE7-C3A0-4F04-9FD5-FF0A8A02A9FB}"
EndProject
Project("{9A19103F-16F7-4668-BE54-9A1E7A4F7556}") = "SmartLily", "SmartLily\SmartLily.csproj", "{043CB216-90E5-4F0A-B5FB-8E2D3E08CB77}"
EndProject
Project("{9A19103F-16F7-4668-BE54-9A1E7A4F7556}") = "SectorProfit", "SectorProfit\SectorProfit.csproj", "{03B68FA2-F116-4E6D-9C26-26C5CFA7DB06}"
EndProject
Project("{9A19103F-16F7-4668-BE54-9A1E7A4F7556}") = "FamilySorting", "FamilySorting\FamilySorting.csproj", "{D2DF3439-B0A3-42C1-A900-2E12A4F4F6B4}"
EndProject
Project("{9A19103F-16F7-4668-BE54-9A1E7A4F7556}") = "RebelFood", "RebelFood\RebelFood.csproj", "{5C343987-CBF5-4E3F-8D3F-37765695A618}"
EndProject
Project("{9A19103F-16F7-4668-BE54-9A1E7A4F7556}") = "BorderControl", "BorderControl\BorderControl.csproj", "{1E3DDCC1-11E4-4885-B53F-C9C28EA3A47D}"
EndProject
Project("{9A19103F-16F7-4668-BE54-9A1E7A4F7556}") = "HappyBirthday", "HappyBirthday\HappyBirthday.csproj", "{EB95D3F9-FC56-443E-A5CB-F29934B67604}"
EndProject
Project("{FAE04EC0-301F-11D3-BF4B-00C04F79EFBC}") = "MathOperations", "MathOperations\MathOperations.csproj", "{F14D2808-FD3F-4FBF-8DDD-17E494E72D44}"
EndProject
Global
	GlobalSection(SolutionConfigurationPlatforms) = preSolution
		Debug|Any CPU = Debug|Any CPU
		Release|Any CPU = Release|Any CPU
	EndGlobalSection
	GlobalSection(ProjectConfigurationPlatforms) = postSolution
		{A5149C66-D968-4077-951C-DCD5C402B14E}.Debug|Any CPU.ActiveCfg = Debug|Any CPU
		{A5149C66-D968-4077-951C-DCD5C402B14E}.Debug|Any CPU.Build.0 = Debug|Any CPU
		{A5149C66-D968-4077-951C-DCD5C402B14E}.Release|Any CPU.ActiveCfg = Release|Any CPU
		{A5149C66-D968-4077-951C-DCD5C402B14E}.Release|Any CPU.Build.0 = Release|Any CPU
		{04399D64-0856-44CB-A564-B681BF939762}.Debug|Any CPU.ActiveCfg = Debug|Any CPU
		{04399D64-0856-44CB-A564-B681BF939762}.Debug|Any CPU.Build.0 = Debug|Any CPU
		{04399D64-0856-44CB-A564-B681BF939762}.Release|Any CPU.ActiveCfg = Release|Any CPU
		{04399D64-0856-44CB-A564-B681BF939762}.Release|Any CPU.Build.0 = Release|Any CPU
		{9B3BC67D-7D97-405B-87CA-4EFF116933CC}.Debug|Any CPU.ActiveCfg = Debug|Any CPU
		{9B3BC67D-7D97-405B-87CA-4EFF116933CC}.Debug|Any CPU.Build.0 = Debug|Any CPU
		{9B3BC67D-7D97-405B-87CA-4EFF116933CC}.Release|Any CPU.ActiveCfg = Release|Any CPU
		{9B3BC67D-7D97-405B-87CA-4EFF116933CC}.Release|Any CPU.Build.0 = Release|Any CPU
		{84C34AB7-4813-450F-A08D-D0A4B738FE03}.Debug|Any CPU.ActiveCfg = Debug|Any CPU
		{84C34AB7-4813-450F-A08D-D0A4B738FE03}.Debug|Any CPU.Build.0 = Debug|Any CPU
		{84C34AB7-4813-450F-A08D-D0A4B738FE03}.Release|Any CPU.ActiveCfg = Release|Any CPU
		{84C34AB7-4813-450F-A08D-D0A4B738FE03}.Release|Any CPU.Build.0 = Release|Any CPU
		{EDBEFB1F-7298-4CBC-A50B-CD2DD3A2353C}.Debug|Any CPU.ActiveCfg = Debug|Any CPU
		{EDBEFB1F-7298-4CBC-A50B-CD2DD3A2353C}.Debug|Any CPU.Build.0 = Debug|Any CPU
		{EDBEFB1F-7298-4CBC-A50B-CD2DD3A2353C}.Release|Any CPU.ActiveCfg = Release|Any CPU
		{EDBEFB1F-7298-4CBC-A50B-CD2DD3A2353C}.Release|Any CPU.Build.0 = Release|Any CPU
		{84A2CFE7-C3A0-4F04-9FD5-FF0A8A02A9FB}.Debug|Any CPU.ActiveCfg = Debug|Any CPU
		{84A2CFE7-C3A0-4F04-9FD5-FF0A8A02A9FB}.Debug|Any CPU.Build.0 = Debug|Any CPU
		{84A2CFE7-C3A0-4F04-9FD5-FF0A8A02A9FB}.Release|Any CPU.ActiveCfg = Release|Any CPU
		{84A2CFE7-C3A0-4F04-9FD5-FF0A8A02A9FB}.Release|Any CPU.Build.0 = Release|Any CPU
		{043CB216-90E5-4F0A-B5FB-8E2D3E08CB77}.Debug|Any CPU.ActiveCfg = Debug|Any CPU
		{043CB216-90E5-4F0A-B5FB-8E2D3E08CB77}.Debug|Any CPU.Build.0 = Debug|Any CPU
		{043CB216-90E5-4F0A-B5FB-8E2D3E08CB77}.Release|Any CPU.ActiveCfg = Release|Any CPU
		{043CB216-90E5-4F0A-B5FB-8E2D3E08CB77}.Release|Any CPU.Build.0 = Release|Any CPU
		{03B68FA2-F116-4E6D-9C26-26C5CFA7DB06}.Debug|Any CPU.ActiveCfg = Debug|Any CPU
		{03B68FA2-F116-4E6D-9C26-26C5CFA7DB06}.Debug|Any CPU.Build.0 = Debug|Any CPU
		{03B68FA2-F116-4E6D-9C26-26C5CFA7DB06}.Release|Any CPU.ActiveCfg = Release|Any CPU
		{03B68FA2-F116-4E6D-9C26-26C5CFA7DB06}.Release|Any CPU.Build.0 = Release|Any CPU
		{D2DF3439-B0A3-42C1-A900-2E12A4F4F6B4}.Debug|Any CPU.ActiveCfg = Debug|Any CPU
		{D2DF3439-B0A3-42C1-A900-2E12A4F4F6B4}.Debug|Any CPU.Build.0 = Debug|Any CPU
		{D2DF3439-B0A3-42C1-A900-2E12A4F4F6B4}.Release|Any CPU.ActiveCfg = Release|Any CPU
		{D2DF3439-B0A3-42C1-A900-2E12A4F4F6B4}.Release|Any CPU.Build.0 = Release|Any CPU
		{5C343987-CBF5-4E3F-8D3F-37765695A618}.Debug|Any CPU.ActiveCfg = Debug|Any CPU
		{5C343987-CBF5-4E3F-8D3F-37765695A618}.Debug|Any CPU.Build.0 = Debug|Any CPU
		{5C343987-CBF5-4E3F-8D3F-37765695A618}.Release|Any CPU.ActiveCfg = Release|Any CPU
		{5C343987-CBF5-4E3F-8D3F-37765695A618}.Release|Any CPU.Build.0 = Release|Any CPU
		{1E3DDCC1-11E4-4885-B53F-C9C28EA3A47D}.Debug|Any CPU.ActiveCfg = Debug|Any CPU
		{1E3DDCC1-11E4-4885-B53F-C9C28EA3A47D}.Debug|Any CPU.Build.0 = Debug|Any CPU
		{1E3DDCC1-11E4-4885-B53F-C9C28EA3A47D}.Release|Any CPU.ActiveCfg = Release|Any CPU
		{1E3DDCC1-11E4-4885-B53F-C9C28EA3A47D}.Release|Any CPU.Build.0 = Release|Any CPU
		{EB95D3F9-FC56-443E-A5CB-F29934B67604}.Debug|Any CPU.ActiveCfg = Debug|Any CPU
		{EB95D3F9-FC56-443E-A5CB-F29934B67604}.Debug|Any CPU.Build.0 = Debug|Any CPU
		{EB95D3F9-FC56-443E-A5CB-F29934B67604}.Release|Any CPU.ActiveCfg = Release|Any CPU
		{EB95D3F9-FC56-443E-A5CB-F29934B67604}.Release|Any CPU.Build.0 = Release|Any CPU
		{F14D2808-FD3F-4FBF-8DDD-17E494E72D44}.Debug|Any CPU.ActiveCfg = Debug|Any CPU
		{F14D2808-FD3F-4FBF-8DDD-17E494E72D44}.Debug|Any CPU.Build.0 = Debug|Any CPU
		{F14D2808-FD3F-4FBF-8DDD-17E494E72D44}.Release|Any CPU.ActiveCfg = Release|Any CPU
		{F14D2808-FD3F-4FBF-8DDD-17E494E72D44}.Release|Any CPU.Build.0 = Release|Any CPU
	EndGlobalSection
	GlobalSection(SolutionProperties) = preSolution
		HideSolutionNode = FALSE
	EndGlobalSection
	GlobalSection(ExtensibilityGlobals) = postSolution
		SolutionGuid = {40A2FF27-1B6A-4637-B355-86F7A06DFC82}
	EndGlobalSection
EndGlobal
